// !$*UTF8*$!
{
	archiveVersion = 1;
	classes = {
	};
	objectVersion = 46;
	objects = {

/* Begin PBXBuildFile section */
		93A38DDA1D55BFE400FF49B5 /* AppDelegate.swift in Sources */ = {isa = PBXBuildFile; fileRef = 93A38DD91D55BFE400FF49B5 /* AppDelegate.swift */; };
		93A38DDC1D55BFE400FF49B5 /* Assets.xcassets in Resources */ = {isa = PBXBuildFile; fileRef = 93A38DDB1D55BFE400FF49B5 /* Assets.xcassets */; };
		93A38DDF1D55BFE400FF49B5 /* MainMenu.xib in Resources */ = {isa = PBXBuildFile; fileRef = 93A38DDD1D55BFE400FF49B5 /* MainMenu.xib */; };
		93A38DEA1D55BFE500FF49B5 /* DEFCONF4Tests.swift in Sources */ = {isa = PBXBuildFile; fileRef = 93A38DE91D55BFE500FF49B5 /* DEFCONF4Tests.swift */; };
/* End PBXBuildFile section */

/* Begin PBXContainerItemProxy section */
		93A38DE61D55BFE500FF49B5 /* PBXContainerItemProxy */ = {
			isa = PBXContainerItemProxy;
			containerPortal = 93A38DCE1D55BFE400FF49B5 /* Project object */;
			proxyType = 1;
			remoteGlobalIDString = 93A38DD51D55BFE400FF49B5;
			remoteInfo = DEFCONF4;
		};
/* End PBXContainerItemProxy section */

/* Begin PBXFileReference section */
		93A38DD61D55BFE400FF49B5 /* DEFCONF4.app */ = {isa = PBXFileReference; explicitFileType = wrapper.application; includeInIndex = 0; path = DEFCONF4.app; sourceTree = BUILT_PRODUCTS_DIR; };
		93A38DD91D55BFE400FF49B5 /* AppDelegate.swift */ = {isa = PBXFileReference; lastKnownFileType = sourcecode.swift; path = AppDelegate.swift; sourceTree = "<group>"; };
		93A38DDB1D55BFE400FF49B5 /* Assets.xcassets */ = {isa = PBXFileReference; lastKnownFileType = folder.assetcatalog; path = Assets.xcassets; sourceTree = "<group>"; };
		93A38DDE1D55BFE400FF49B5 /* Base */ = {isa = PBXFileReference; lastKnownFileType = file.xib; name = Base; path = Base.lproj/MainMenu.xib; sourceTree = "<group>"; };
		93A38DE01D55BFE400FF49B5 /* Info.plist */ = {isa = PBXFileReference; lastKnownFileType = text.plist.xml; path = Info.plist; sourceTree = "<group>"; };
		93A38DE51D55BFE500FF49B5 /* DEFCONF4Tests.xctest */ = {isa = PBXFileReference; explicitFileType = wrapper.cfbundle; includeInIndex = 0; path = DEFCONF4Tests.xctest; sourceTree = BUILT_PRODUCTS_DIR; };
		93A38DE91D55BFE500FF49B5 /* DEFCONF4Tests.swift */ = {isa = PBXFileReference; lastKnownFileType = sourcecode.swift; path = DEFCONF4Tests.swift; sourceTree = "<group>"; };
		93A38DEB1D55BFE500FF49B5 /* Info.plist */ = {isa = PBXFileReference; lastKnownFileType = text.plist.xml; path = Info.plist; sourceTree = "<group>"; };
/* End PBXFileReference section */

/* Begin PBXFrameworksBuildPhase section */
		93A38DD31D55BFE400FF49B5 /* Frameworks */ = {
			isa = PBXFrameworksBuildPhase;
			buildActionMask = 2147483647;
			files = (
			);
			runOnlyForDeploymentPostprocessing = 0;
		};
		93A38DE21D55BFE500FF49B5 /* Frameworks */ = {
			isa = PBXFrameworksBuildPhase;
			buildActionMask = 2147483647;
			files = (
			);
			runOnlyForDeploymentPostprocessing = 0;
		};
/* End PBXFrameworksBuildPhase section */

/* Begin PBXGroup section */
		93A38DCD1D55BFE400FF49B5 = {
			isa = PBXGroup;
			children = (
				93A38DD81D55BFE400FF49B5 /* DEFCONF4 */,
				93A38DE81D55BFE500FF49B5 /* DEFCONF4Tests */,
				93A38DD71D55BFE400FF49B5 /* Products */,
			);
			sourceTree = "<group>";
		};
		93A38DD71D55BFE400FF49B5 /* Products */ = {
			isa = PBXGroup;
			children = (
				93A38DD61D55BFE400FF49B5 /* DEFCONF4.app */,
				93A38DE51D55BFE500FF49B5 /* DEFCONF4Tests.xctest */,
			);
			name = Products;
			sourceTree = "<group>";
		};
		93A38DD81D55BFE400FF49B5 /* DEFCONF4 */ = {
			isa = PBXGroup;
			children = (
				93A38DD91D55BFE400FF49B5 /* AppDelegate.swift */,
				93A38DDB1D55BFE400FF49B5 /* Assets.xcassets */,
				93A38DDD1D55BFE400FF49B5 /* MainMenu.xib */,
				93A38DE01D55BFE400FF49B5 /* Info.plist */,
			);
			path = DEFCONF4;
			sourceTree = "<group>";
		};
		93A38DE81D55BFE500FF49B5 /* DEFCONF4Tests */ = {
			isa = PBXGroup;
			children = (
				93A38DE91D55BFE500FF49B5 /* DEFCONF4Tests.swift */,
				93A38DEB1D55BFE500FF49B5 /* Info.plist */,
			);
			path = DEFCONF4Tests;
			sourceTree = "<group>";
		};
/* End PBXGroup section */

/* Begin PBXNativeTarget section */
		93A38DD51D55BFE400FF49B5 /* DEFCONF4 */ = {
			isa = PBXNativeTarget;
			buildConfigurationList = 93A38DEE1D55BFE500FF49B5 /* Build configuration list for PBXNativeTarget "DEFCONF4" */;
			buildPhases = (
				93A38DD21D55BFE400FF49B5 /* Sources */,
				93A38DD31D55BFE400FF49B5 /* Frameworks */,
				93A38DD41D55BFE400FF49B5 /* Resources */,
			);
			buildRules = (
			);
			dependencies = (
			);
			name = DEFCONF4;
			productName = DEFCONF4;
			productReference = 93A38DD61D55BFE400FF49B5 /* DEFCONF4.app */;
			productType = "com.apple.product-type.application";
		};
		93A38DE41D55BFE500FF49B5 /* DEFCONF4Tests */ = {
			isa = PBXNativeTarget;
			buildConfigurationList = 93A38DF11D55BFE500FF49B5 /* Build configuration list for PBXNativeTarget "DEFCONF4Tests" */;
			buildPhases = (
				93A38DE11D55BFE500FF49B5 /* Sources */,
				93A38DE21D55BFE500FF49B5 /* Frameworks */,
				93A38DE31D55BFE500FF49B5 /* Resources */,
			);
			buildRules = (
			);
			dependencies = (
				93A38DE71D55BFE500FF49B5 /* PBXTargetDependency */,
			);
			name = DEFCONF4Tests;
			productName = DEFCONF4Tests;
			productReference = 93A38DE51D55BFE500FF49B5 /* DEFCONF4Tests.xctest */;
			productType = "com.apple.product-type.bundle.unit-test";
		};
/* End PBXNativeTarget section */

/* Begin PBXProject section */
		93A38DCE1D55BFE400FF49B5 /* Project object */ = {
			isa = PBXProject;
			attributes = {
				LastSwiftUpdateCheck = 0800;
				LastUpgradeCheck = 0800;
				ORGANIZATIONNAME = "MASON MARK (.COM)";
				TargetAttributes = {
					93A38DD51D55BFE400FF49B5 = {
						CreatedOnToolsVersion = 8.0;
						DevelopmentTeam = XBC58AMMHG;
						ProvisioningStyle = Automatic;
					};
					93A38DE41D55BFE500FF49B5 = {
						CreatedOnToolsVersion = 8.0;
						DevelopmentTeam = XBC58AMMHG;
						ProvisioningStyle = Automatic;
						TestTargetID = 93A38DD51D55BFE400FF49B5;
					};
				};
			};
			buildConfigurationList = 93A38DD11D55BFE400FF49B5 /* Build configuration list for PBXProject "DEFCONF4" */;
			compatibilityVersion = "Xcode 3.2";
			developmentRegion = English;
			hasScannedForEncodings = 0;
			knownRegions = (
				en,
				Base,
			);
			mainGroup = 93A38DCD1D55BFE400FF49B5;
			productRefGroup = 93A38DD71D55BFE400FF49B5 /* Products */;
			projectDirPath = "";
			projectRoot = "";
			targets = (
				93A38DD51D55BFE400FF49B5 /* DEFCONF4 */,
				93A38DE41D55BFE500FF49B5 /* DEFCONF4Tests */,
			);
		};
/* End PBXProject section */

/* Begin PBXResourcesBuildPhase section */
		93A38DD41D55BFE400FF49B5 /* Resources */ = {
			isa = PBXResourcesBuildPhase;
			buildActionMask = 2147483647;
			files = (
				93A38DDC1D55BFE400FF49B5 /* Assets.xcassets in Resources */,
				93A38DDF1D55BFE400FF49B5 /* MainMenu.xib in Resources */,
			);
			runOnlyForDeploymentPostprocessing = 0;
		};
		93A38DE31D55BFE500FF49B5 /* Resources */ = {
			isa = PBXResourcesBuildPhase;
			buildActionMask = 2147483647;
			files = (
			);
			runOnlyForDeploymentPostprocessing = 0;
		};
/* End PBXResourcesBuildPhase section */

/* Begin PBXSourcesBuildPhase section */
		93A38DD21D55BFE400FF49B5 /* Sources */ = {
			isa = PBXSourcesBuildPhase;
			buildActionMask = 2147483647;
			files = (
				93A38DDA1D55BFE400FF49B5 /* AppDelegate.swift in Sources */,
			);
			runOnlyForDeploymentPostprocessing = 0;
		};
		93A38DE11D55BFE500FF49B5 /* Sources */ = {
			isa = PBXSourcesBuildPhase;
			buildActionMask = 2147483647;
			files = (
				93A38DEA1D55BFE500FF49B5 /* DEFCONF4Tests.swift in Sources */,
			);
			runOnlyForDeploymentPostprocessing = 0;
		};
/* End PBXSourcesBuildPhase section */

/* Begin PBXTargetDependency section */
		93A38DE71D55BFE500FF49B5 /* PBXTargetDependency */ = {
			isa = PBXTargetDependency;
			target = 93A38DD51D55BFE400FF49B5 /* DEFCONF4 */;
			targetProxy = 93A38DE61D55BFE500FF49B5 /* PBXContainerItemProxy */;
		};
/* End PBXTargetDependency section */

/* Begin PBXVariantGroup section */
		93A38DDD1D55BFE400FF49B5 /* MainMenu.xib */ = {
			isa = PBXVariantGroup;
			children = (
				93A38DDE1D55BFE400FF49B5 /* Base */,
			);
			name = MainMenu.xib;
			sourceTree = "<group>";
		};
/* End PBXVariantGroup section */

/* Begin XCBuildConfiguration section */
		93A38DEC1D55BFE500FF49B5 /* Debug */ = {
			isa = XCBuildConfiguration;
			buildSettings = {
				ALWAYS_SEARCH_USER_PATHS = NO;
				CLANG_ANALYZER_NONNULL = YES;
				CLANG_CXX_LANGUAGE_STANDARD = "gnu++0x";
				CLANG_CXX_LIBRARY = "libc++";
				CLANG_ENABLE_MODULES = YES;
				CLANG_ENABLE_OBJC_ARC = YES;
				CLANG_WARN_BOOL_CONVERSION = YES;
				CLANG_WARN_CONSTANT_CONVERSION = YES;
				CLANG_WARN_DIRECT_OBJC_ISA_USAGE = YES_ERROR;
				CLANG_WARN_DOCUMENTATION_COMMENTS = YES;
				CLANG_WARN_EMPTY_BODY = YES;
				CLANG_WARN_ENUM_CONVERSION = YES;
				CLANG_WARN_INFINITE_RECURSION = YES;
				CLANG_WARN_INT_CONVERSION = YES;
				CLANG_WARN_OBJC_ROOT_CLASS = YES_ERROR;
				CLANG_WARN_SUSPICIOUS_MOVES = YES;
				CLANG_WARN_UNREACHABLE_CODE = YES;
				CLANG_WARN__DUPLICATE_METHOD_MATCH = YES;
				CODE_SIGN_IDENTITY = "-";
				COPY_PHASE_STRIP = NO;
				DEBUG_INFORMATION_FORMAT = dwarf;
				ENABLE_STRICT_OBJC_MSGSEND = YES;
				ENABLE_TESTABILITY = YES;
				GCC_C_LANGUAGE_STANDARD = gnu99;
				GCC_DYNAMIC_NO_PIC = NO;
				GCC_NO_COMMON_BLOCKS = YES;
				GCC_OPTIMIZATION_LEVEL = 0;
				GCC_PREPROCESSOR_DEFINITIONS = (
					"DEBUG=1",
					"$(inherited)",
				);
				GCC_WARN_64_TO_32_BIT_CONVERSION = YES;
				GCC_WARN_ABOUT_RETURN_TYPE = YES_ERROR;
				GCC_WARN_UNDECLARED_SELECTOR = YES;
				GCC_WARN_UNINITIALIZED_AUTOS = YES_AGGRESSIVE;
				GCC_WARN_UNUSED_FUNCTION = YES;
				GCC_WARN_UNUSED_VARIABLE = YES;
				MACOSX_DEPLOYMENT_TARGET = 10.11;
				MTL_ENABLE_DEBUG_INFO = YES;
				ONLY_ACTIVE_ARCH = YES;
				SDKROOT = macosx;
				SWIFT_ACTIVE_COMPILATION_CONDITIONS = DEBUG;
				SWIFT_OPTIMIZATION_LEVEL = "-Onone";
			};
			name = Debug;
		};
		93A38DED1D55BFE500FF49B5 /* Release */ = {
			isa = XCBuildConfiguration;
			buildSettings = {
				ALWAYS_SEARCH_USER_PATHS = NO;
				CLANG_ANALYZER_NONNULL = YES;
				CLANG_CXX_LANGUAGE_STANDARD = "gnu++0x";
				CLANG_CXX_LIBRARY = "libc++";
				CLANG_ENABLE_MODULES = YES;
				CLANG_ENABLE_OBJC_ARC = YES;
				CLANG_WARN_BOOL_CONVERSION = YES;
				CLANG_WARN_CONSTANT_CONVERSION = YES;
				CLANG_WARN_DIRECT_OBJC_ISA_USAGE = YES_ERROR;
				CLANG_WARN_DOCUMENTATION_COMMENTS = YES;
				CLANG_WARN_EMPTY_BODY = YES;
				CLANG_WARN_ENUM_CONVERSION = YES;
				CLANG_WARN_INFINITE_RECURSION = YES;
				CLANG_WARN_INT_CONVERSION = YES;
				CLANG_WARN_OBJC_ROOT_CLASS = YES_ERROR;
				CLANG_WARN_SUSPICIOUS_MOVES = YES;
				CLANG_WARN_UNREACHABLE_CODE = YES;
				CLANG_WARN__DUPLICATE_METHOD_MATCH = YES;
				CODE_SIGN_IDENTITY = "-";
				COPY_PHASE_STRIP = NO;
				DEBUG_INFORMATION_FORMAT = "dwarf-with-dsym";
				ENABLE_NS_ASSERTIONS = NO;
				ENABLE_STRICT_OBJC_MSGSEND = YES;
				GCC_C_LANGUAGE_STANDARD = gnu99;
				GCC_NO_COMMON_BLOCKS = YES;
				GCC_WARN_64_TO_32_BIT_CONVERSION = YES;
				GCC_WARN_ABOUT_RETURN_TYPE = YES_ERROR;
				GCC_WARN_UNDECLARED_SELECTOR = YES;
				GCC_WARN_UNINITIALIZED_AUTOS = YES_AGGRESSIVE;
				GCC_WARN_UNUSED_FUNCTION = YES;
				GCC_WARN_UNUSED_VARIABLE = YES;
				MACOSX_DEPLOYMENT_TARGET = 10.11;
				MTL_ENABLE_DEBUG_INFO = NO;
				SDKROOT = macosx;
				SWIFT_OPTIMIZATION_LEVEL = "-Owholemodule";
			};
			name = Release;
		};
		93A38DEF1D55BFE500FF49B5 /* Debug */ = {
			isa = XCBuildConfiguration;
			buildSettings = {
				ASSETCATALOG_COMPILER_APPICON_NAME = AppIcon;
				COMBINE_HIDPI_IMAGES = YES;
				DEVELOPMENT_TEAM = XBC58AMMHG;
				INFOPLIST_FILE = DEFCONF4/Info.plist;
				LD_RUNPATH_SEARCH_PATHS = "$(inherited) @executable_path/../Frameworks";
				PRODUCT_BUNDLE_IDENTIFIER = com.masonmark.DEFCONF4;
				PRODUCT_NAME = "$(TARGET_NAME)";
				SWIFT_VERSION = 3.0;
			};
			name = Debug;
		};
		93A38DF01D55BFE500FF49B5 /* Release */ = {
			isa = XCBuildConfiguration;
			buildSettings = {
				ASSETCATALOG_COMPILER_APPICON_NAME = AppIcon;
				COMBINE_HIDPI_IMAGES = YES;
				DEVELOPMENT_TEAM = XBC58AMMHG;
				INFOPLIST_FILE = DEFCONF4/Info.plist;
				LD_RUNPATH_SEARCH_PATHS = "$(inherited) @executable_path/../Frameworks";
				PRODUCT_BUNDLE_IDENTIFIER = com.masonmark.DEFCONF4;
				PRODUCT_NAME = "$(TARGET_NAME)";
				SWIFT_VERSION = 3.0;
			};
			name = Release;
		};
		93A38DF21D55BFE500FF49B5 /* Debug */ = {
			isa = XCBuildConfiguration;
			buildSettings = {
				BUNDLE_LOADER = "$(TEST_HOST)";
				COMBINE_HIDPI_IMAGES = YES;
				DEVELOPMENT_TEAM = XBC58AMMHG;
				INFOPLIST_FILE = DEFCONF4Tests/Info.plist;
				LD_RUNPATH_SEARCH_PATHS = "$(inherited) @executable_path/../Frameworks @loader_path/../Frameworks";
				PRODUCT_BUNDLE_IDENTIFIER = com.masonmark.DEFCONF4Tests;
				PRODUCT_NAME = "$(TARGET_NAME)";
				SWIFT_VERSION = 3.0;
				TEST_HOST = "$(BUILT_PRODUCTS_DIR)/DEFCONF4.app/Contents/MacOS/DEFCONF4";
			};
			name = Debug;
		};
		93A38DF31D55BFE500FF49B5 /* Release */ = {
			isa = XCBuildConfiguration;
			buildSettings = {
				BUNDLE_LOADER = "$(TEST_HOST)";
				COMBINE_HIDPI_IMAGES = YES;
				DEVELOPMENT_TEAM = XBC58AMMHG;
				INFOPLIST_FILE = DEFCONF4Tests/Info.plist;
				LD_RUNPATH_SEARCH_PATHS = "$(inherited) @executable_path/../Frameworks @loader_path/../Frameworks";
				PRODUCT_BUNDLE_IDENTIFIER = com.masonmark.DEFCONF4Tests;
				PRODUCT_NAME = "$(TARGET_NAME)";
				SWIFT_VERSION = 3.0;
				TEST_HOST = "$(BUILT_PRODUCTS_DIR)/DEFCONF4.app/Contents/MacOS/DEFCONF4";
			};
			name = Release;
		};
/* End XCBuildConfiguration section */

/* Begin XCConfigurationList section */
		93A38DD11D55BFE400FF49B5 /* Build configuration list for PBXProject "DEFCONF4" */ = {
			isa = XCConfigurationList;
			buildConfigurations = (
				93A38DEC1D55BFE500FF49B5 /* Debug */,
				93A38DED1D55BFE500FF49B5 /* Release */,
			);
			defaultConfigurationIsVisible = 0;
			defaultConfigurationName = Release;
		};
		93A38DEE1D55BFE500FF49B5 /* Build configuration list for PBXNativeTarget "DEFCONF4" */ = {
			isa = XCConfigurationList;
			buildConfigurations = (
				93A38DEF1D55BFE500FF49B5 /* Debug */,
				93A38DF01D55BFE500FF49B5 /* Release */,
			);
			defaultConfigurationIsVisible = 0;
		};
		93A38DF11D55BFE500FF49B5 /* Build configuration list for PBXNativeTarget "DEFCONF4Tests" */ = {
			isa = XCConfigurationList;
			buildConfigurations = (
				93A38DF21D55BFE500FF49B5 /* Debug */,
				93A38DF31D55BFE500FF49B5 /* Release */,
			);
			defaultConfigurationIsVisible = 0;
		};
/* End XCConfigurationList section */
	};
	rootObject = 93A38DCE1D55BFE400FF49B5 /* Project object */;
}
