// !$*UTF8*$!
{
	archiveVersion = 1;
	classes = {
	};
	objectVersion = 46;
	objects = {

/* Begin PBXBuildFile section */
		93D1E61B1D56BCEF007B2A1C /* AppDelegate.swift in Sources */ = {isa = PBXBuildFile; fileRef = 93D1E61A1D56BCEF007B2A1C /* AppDelegate.swift */; };
		93D1E61D1D56BCEF007B2A1C /* Document.swift in Sources */ = {isa = PBXBuildFile; fileRef = 93D1E61C1D56BCEF007B2A1C /* Document.swift */; };
		93D1E6201D56BCEF007B2A1C /* Document.xib in Resources */ = {isa = PBXBuildFile; fileRef = 93D1E61E1D56BCEF007B2A1C /* Document.xib */; };
		93D1E6221D56BCEF007B2A1C /* Assets.xcassets in Resources */ = {isa = PBXBuildFile; fileRef = 93D1E6211D56BCEF007B2A1C /* Assets.xcassets */; };
		93D1E6251D56BCEF007B2A1C /* MainMenu.xib in Resources */ = {isa = PBXBuildFile; fileRef = 93D1E6231D56BCEF007B2A1C /* MainMenu.xib */; };
		93D1E6301D56BCEF007B2A1C /* DEFCONF4Tests.swift in Sources */ = {isa = PBXBuildFile; fileRef = 93D1E62F1D56BCEF007B2A1C /* DEFCONF4Tests.swift */; };
		93D1E63B1D56BCEF007B2A1C /* DEFCONF4UITests.swift in Sources */ = {isa = PBXBuildFile; fileRef = 93D1E63A1D56BCEF007B2A1C /* DEFCONF4UITests.swift */; };
/* End PBXBuildFile section */

/* Begin PBXContainerItemProxy section */
		93D1E62C1D56BCEF007B2A1C /* PBXContainerItemProxy */ = {
			isa = PBXContainerItemProxy;
			containerPortal = 93D1E60F1D56BCEF007B2A1C /* Project object */;
			proxyType = 1;
			remoteGlobalIDString = 93D1E6161D56BCEF007B2A1C;
			remoteInfo = DEFCONF4;
		};
		93D1E6371D56BCEF007B2A1C /* PBXContainerItemProxy */ = {
			isa = PBXContainerItemProxy;
			containerPortal = 93D1E60F1D56BCEF007B2A1C /* Project object */;
			proxyType = 1;
			remoteGlobalIDString = 93D1E6161D56BCEF007B2A1C;
			remoteInfo = DEFCONF4;
		};
/* End PBXContainerItemProxy section */

/* Begin PBXFileReference section */
		93D1E6171D56BCEF007B2A1C /* DEFCONF4.app */ = {isa = PBXFileReference; explicitFileType = wrapper.application; includeInIndex = 0; path = DEFCONF4.app; sourceTree = BUILT_PRODUCTS_DIR; };
		93D1E61A1D56BCEF007B2A1C /* AppDelegate.swift */ = {isa = PBXFileReference; lastKnownFileType = sourcecode.swift; path = AppDelegate.swift; sourceTree = "<group>"; };
		93D1E61C1D56BCEF007B2A1C /* Document.swift */ = {isa = PBXFileReference; lastKnownFileType = sourcecode.swift; path = Document.swift; sourceTree = "<group>"; };
		93D1E61F1D56BCEF007B2A1C /* Base */ = {isa = PBXFileReference; lastKnownFileType = file.xib; name = Base; path = Base.lproj/Document.xib; sourceTree = "<group>"; };
		93D1E6211D56BCEF007B2A1C /* Assets.xcassets */ = {isa = PBXFileReference; lastKnownFileType = folder.assetcatalog; path = Assets.xcassets; sourceTree = "<group>"; };
		93D1E6241D56BCEF007B2A1C /* Base */ = {isa = PBXFileReference; lastKnownFileType = file.xib; name = Base; path = Base.lproj/MainMenu.xib; sourceTree = "<group>"; };
		93D1E6261D56BCEF007B2A1C /* Info.plist */ = {isa = PBXFileReference; lastKnownFileType = text.plist.xml; path = Info.plist; sourceTree = "<group>"; };
		93D1E62B1D56BCEF007B2A1C /* DEFCONF4Tests.xctest */ = {isa = PBXFileReference; explicitFileType = wrapper.cfbundle; includeInIndex = 0; path = DEFCONF4Tests.xctest; sourceTree = BUILT_PRODUCTS_DIR; };
		93D1E62F1D56BCEF007B2A1C /* DEFCONF4Tests.swift */ = {isa = PBXFileReference; lastKnownFileType = sourcecode.swift; path = DEFCONF4Tests.swift; sourceTree = "<group>"; };
		93D1E6311D56BCEF007B2A1C /* Info.plist */ = {isa = PBXFileReference; lastKnownFileType = text.plist.xml; path = Info.plist; sourceTree = "<group>"; };
		93D1E6361D56BCEF007B2A1C /* DEFCONF4UITests.xctest */ = {isa = PBXFileReference; explicitFileType = wrapper.cfbundle; includeInIndex = 0; path = DEFCONF4UITests.xctest; sourceTree = BUILT_PRODUCTS_DIR; };
		93D1E63A1D56BCEF007B2A1C /* DEFCONF4UITests.swift */ = {isa = PBXFileReference; lastKnownFileType = sourcecode.swift; path = DEFCONF4UITests.swift; sourceTree = "<group>"; };
		93D1E63C1D56BCEF007B2A1C /* Info.plist */ = {isa = PBXFileReference; lastKnownFileType = text.plist.xml; path = Info.plist; sourceTree = "<group>"; };
/* End PBXFileReference section */

/* Begin PBXFrameworksBuildPhase section */
		93D1E6141D56BCEF007B2A1C /* Frameworks */ = {
			isa = PBXFrameworksBuildPhase;
			buildActionMask = 2147483647;
			files = (
			);
			runOnlyForDeploymentPostprocessing = 0;
		};
		93D1E6281D56BCEF007B2A1C /* Frameworks */ = {
			isa = PBXFrameworksBuildPhase;
			buildActionMask = 2147483647;
			files = (
			);
			runOnlyForDeploymentPostprocessing = 0;
		};
		93D1E6331D56BCEF007B2A1C /* Frameworks */ = {
			isa = PBXFrameworksBuildPhase;
			buildActionMask = 2147483647;
			files = (
			);
			runOnlyForDeploymentPostprocessing = 0;
		};
/* End PBXFrameworksBuildPhase section */

/* Begin PBXGroup section */
		93D1E60E1D56BCEF007B2A1C = {
			isa = PBXGroup;
			children = (
				93D1E6191D56BCEF007B2A1C /* DEFCONF4 */,
				93D1E62E1D56BCEF007B2A1C /* DEFCONF4Tests */,
				93D1E6391D56BCEF007B2A1C /* DEFCONF4UITests */,
				93D1E6181D56BCEF007B2A1C /* Products */,
			);
			sourceTree = "<group>";
		};
		93D1E6181D56BCEF007B2A1C /* Products */ = {
			isa = PBXGroup;
			children = (
				93D1E6171D56BCEF007B2A1C /* DEFCONF4.app */,
				93D1E62B1D56BCEF007B2A1C /* DEFCONF4Tests.xctest */,
				93D1E6361D56BCEF007B2A1C /* DEFCONF4UITests.xctest */,
			);
			name = Products;
			sourceTree = "<group>";
		};
		93D1E6191D56BCEF007B2A1C /* DEFCONF4 */ = {
			isa = PBXGroup;
			children = (
				93D1E61A1D56BCEF007B2A1C /* AppDelegate.swift */,
				93D1E61C1D56BCEF007B2A1C /* Document.swift */,
				93D1E61E1D56BCEF007B2A1C /* Document.xib */,
				93D1E6211D56BCEF007B2A1C /* Assets.xcassets */,
				93D1E6231D56BCEF007B2A1C /* MainMenu.xib */,
				93D1E6261D56BCEF007B2A1C /* Info.plist */,
			);
			path = DEFCONF4;
			sourceTree = "<group>";
		};
		93D1E62E1D56BCEF007B2A1C /* DEFCONF4Tests */ = {
			isa = PBXGroup;
			children = (
				93D1E62F1D56BCEF007B2A1C /* DEFCONF4Tests.swift */,
				93D1E6311D56BCEF007B2A1C /* Info.plist */,
			);
			path = DEFCONF4Tests;
			sourceTree = "<group>";
		};
		93D1E6391D56BCEF007B2A1C /* DEFCONF4UITests */ = {
			isa = PBXGroup;
			children = (
				93D1E63A1D56BCEF007B2A1C /* DEFCONF4UITests.swift */,
				93D1E63C1D56BCEF007B2A1C /* Info.plist */,
			);
			path = DEFCONF4UITests;
			sourceTree = "<group>";
		};
/* End PBXGroup section */

/* Begin PBXNativeTarget section */
		93D1E6161D56BCEF007B2A1C /* DEFCONF4 */ = {
			isa = PBXNativeTarget;
			buildConfigurationList = 93D1E63F1D56BCEF007B2A1C /* Build configuration list for PBXNativeTarget "DEFCONF4" */;
			buildPhases = (
				93D1E6131D56BCEF007B2A1C /* Sources */,
				93D1E6141D56BCEF007B2A1C /* Frameworks */,
				93D1E6151D56BCEF007B2A1C /* Resources */,
			);
			buildRules = (
			);
			dependencies = (
			);
			name = DEFCONF4;
			productName = DEFCONF4;
			productReference = 93D1E6171D56BCEF007B2A1C /* DEFCONF4.app */;
			productType = "com.apple.product-type.application";
		};
		93D1E62A1D56BCEF007B2A1C /* DEFCONF4Tests */ = {
			isa = PBXNativeTarget;
			buildConfigurationList = 93D1E6421D56BCEF007B2A1C /* Build configuration list for PBXNativeTarget "DEFCONF4Tests" */;
			buildPhases = (
				93D1E6271D56BCEF007B2A1C /* Sources */,
				93D1E6281D56BCEF007B2A1C /* Frameworks */,
				93D1E6291D56BCEF007B2A1C /* Resources */,
			);
			buildRules = (
			);
			dependencies = (
				93D1E62D1D56BCEF007B2A1C /* PBXTargetDependency */,
			);
			name = DEFCONF4Tests;
			productName = DEFCONF4Tests;
			productReference = 93D1E62B1D56BCEF007B2A1C /* DEFCONF4Tests.xctest */;
			productType = "com.apple.product-type.bundle.unit-test";
		};
		93D1E6351D56BCEF007B2A1C /* DEFCONF4UITests */ = {
			isa = PBXNativeTarget;
			buildConfigurationList = 93D1E6451D56BCEF007B2A1C /* Build configuration list for PBXNativeTarget "DEFCONF4UITests" */;
			buildPhases = (
				93D1E6321D56BCEF007B2A1C /* Sources */,
				93D1E6331D56BCEF007B2A1C /* Frameworks */,
				93D1E6341D56BCEF007B2A1C /* Resources */,
			);
			buildRules = (
			);
			dependencies = (
				93D1E6381D56BCEF007B2A1C /* PBXTargetDependency */,
			);
			name = DEFCONF4UITests;
			productName = DEFCONF4UITests;
			productReference = 93D1E6361D56BCEF007B2A1C /* DEFCONF4UITests.xctest */;
			productType = "com.apple.product-type.bundle.ui-testing";
		};
/* End PBXNativeTarget section */

/* Begin PBXProject section */
		93D1E60F1D56BCEF007B2A1C /* Project object */ = {
			isa = PBXProject;
			attributes = {
				LastSwiftUpdateCheck = 0800;
				LastUpgradeCheck = 0800;
				ORGANIZATIONNAME = "MASON MARK (.COM)";
				TargetAttributes = {
					93D1E6161D56BCEF007B2A1C = {
						CreatedOnToolsVersion = 8.0;
						DevelopmentTeam = XBC58AMMHG;
						ProvisioningStyle = Automatic;
					};
					93D1E62A1D56BCEF007B2A1C = {
						CreatedOnToolsVersion = 8.0;
						DevelopmentTeam = XBC58AMMHG;
						ProvisioningStyle = Automatic;
						TestTargetID = 93D1E6161D56BCEF007B2A1C;
					};
					93D1E6351D56BCEF007B2A1C = {
						CreatedOnToolsVersion = 8.0;
						DevelopmentTeam = XBC58AMMHG;
						ProvisioningStyle = Automatic;
						TestTargetID = 93D1E6161D56BCEF007B2A1C;
					};
				};
			};
			buildConfigurationList = 93D1E6121D56BCEF007B2A1C /* Build configuration list for PBXProject "DEFCONF4" */;
			compatibilityVersion = "Xcode 3.2";
			developmentRegion = English;
			hasScannedForEncodings = 0;
			knownRegions = (
				en,
				Base,
			);
			mainGroup = 93D1E60E1D56BCEF007B2A1C;
			productRefGroup = 93D1E6181D56BCEF007B2A1C /* Products */;
			projectDirPath = "";
			projectRoot = "";
			targets = (
				93D1E6161D56BCEF007B2A1C /* DEFCONF4 */,
				93D1E62A1D56BCEF007B2A1C /* DEFCONF4Tests */,
				93D1E6351D56BCEF007B2A1C /* DEFCONF4UITests */,
			);
		};
/* End PBXProject section */

/* Begin PBXResourcesBuildPhase section */
		93D1E6151D56BCEF007B2A1C /* Resources */ = {
			isa = PBXResourcesBuildPhase;
			buildActionMask = 2147483647;
			files = (
				93D1E6221D56BCEF007B2A1C /* Assets.xcassets in Resources */,
				93D1E6201D56BCEF007B2A1C /* Document.xib in Resources */,
				93D1E6251D56BCEF007B2A1C /* MainMenu.xib in Resources */,
			);
			runOnlyForDeploymentPostprocessing = 0;
		};
		93D1E6291D56BCEF007B2A1C /* Resources */ = {
			isa = PBXResourcesBuildPhase;
			buildActionMask = 2147483647;
			files = (
			);
			runOnlyForDeploymentPostprocessing = 0;
		};
		93D1E6341D56BCEF007B2A1C /* Resources */ = {
			isa = PBXResourcesBuildPhase;
			buildActionMask = 2147483647;
			files = (
			);
			runOnlyForDeploymentPostprocessing = 0;
		};
/* End PBXResourcesBuildPhase section */

/* Begin PBXSourcesBuildPhase section */
		93D1E6131D56BCEF007B2A1C /* Sources */ = {
			isa = PBXSourcesBuildPhase;
			buildActionMask = 2147483647;
			files = (
				93D1E61D1D56BCEF007B2A1C /* Document.swift in Sources */,
				93D1E61B1D56BCEF007B2A1C /* AppDelegate.swift in Sources */,
			);
			runOnlyForDeploymentPostprocessing = 0;
		};
		93D1E6271D56BCEF007B2A1C /* Sources */ = {
			isa = PBXSourcesBuildPhase;
			buildActionMask = 2147483647;
			files = (
				93D1E6301D56BCEF007B2A1C /* DEFCONF4Tests.swift in Sources */,
			);
			runOnlyForDeploymentPostprocessing = 0;
		};
		93D1E6321D56BCEF007B2A1C /* Sources */ = {
			isa = PBXSourcesBuildPhase;
			buildActionMask = 2147483647;
			files = (
				93D1E63B1D56BCEF007B2A1C /* DEFCONF4UITests.swift in Sources */,
			);
			runOnlyForDeploymentPostprocessing = 0;
		};
/* End PBXSourcesBuildPhase section */

/* Begin PBXTargetDependency section */
		93D1E62D1D56BCEF007B2A1C /* PBXTargetDependency */ = {
			isa = PBXTargetDependency;
			target = 93D1E6161D56BCEF007B2A1C /* DEFCONF4 */;
			targetProxy = 93D1E62C1D56BCEF007B2A1C /* PBXContainerItemProxy */;
		};
		93D1E6381D56BCEF007B2A1C /* PBXTargetDependency */ = {
			isa = PBXTargetDependency;
			target = 93D1E6161D56BCEF007B2A1C /* DEFCONF4 */;
			targetProxy = 93D1E6371D56BCEF007B2A1C /* PBXContainerItemProxy */;
		};
/* End PBXTargetDependency section */

/* Begin PBXVariantGroup section */
		93D1E61E1D56BCEF007B2A1C /* Document.xib */ = {
			isa = PBXVariantGroup;
			children = (
				93D1E61F1D56BCEF007B2A1C /* Base */,
			);
			name = Document.xib;
			sourceTree = "<group>";
		};
		93D1E6231D56BCEF007B2A1C /* MainMenu.xib */ = {
			isa = PBXVariantGroup;
			children = (
				93D1E6241D56BCEF007B2A1C /* Base */,
			);
			name = MainMenu.xib;
			sourceTree = "<group>";
		};
/* End PBXVariantGroup section */

/* Begin XCBuildConfiguration section */
		93D1E63D1D56BCEF007B2A1C /* Debug */ = {
			isa = XCBuildConfiguration;
			buildSettings = {
				ALWAYS_SEARCH_USER_PATHS = NO;
				CLANG_ANALYZER_NONNULL = YES;
				CLANG_CXX_LANGUAGE_STANDARD = "gnu++0x";
				CLANG_CXX_LIBRARY = "libc++";
				CLANG_ENABLE_MODULES = YES;
				CLANG_ENABLE_OBJC_ARC = YES;
				CLANG_WARN_BOOL_CONVERSION = YES;
				CLANG_WARN_CONSTANT_CONVERSION = YES;
				CLANG_WARN_DIRECT_OBJC_ISA_USAGE = YES_ERROR;
				CLANG_WARN_DOCUMENTATION_COMMENTS = YES;
				CLANG_WARN_EMPTY_BODY = YES;
				CLANG_WARN_ENUM_CONVERSION = YES;
				CLANG_WARN_INFINITE_RECURSION = YES;
				CLANG_WARN_INT_CONVERSION = YES;
				CLANG_WARN_OBJC_ROOT_CLASS = YES_ERROR;
				CLANG_WARN_SUSPICIOUS_MOVES = YES;
				CLANG_WARN_UNREACHABLE_CODE = YES;
				CLANG_WARN__DUPLICATE_METHOD_MATCH = YES;
				CODE_SIGN_IDENTITY = "-";
				COPY_PHASE_STRIP = NO;
				DEBUG_INFORMATION_FORMAT = dwarf;
				ENABLE_STRICT_OBJC_MSGSEND = YES;
				ENABLE_TESTABILITY = YES;
				GCC_C_LANGUAGE_STANDARD = gnu99;
				GCC_DYNAMIC_NO_PIC = NO;
				GCC_NO_COMMON_BLOCKS = YES;
				GCC_OPTIMIZATION_LEVEL = 0;
				GCC_PREPROCESSOR_DEFINITIONS = (
					"DEBUG=1",
					"$(inherited)",
				);
				GCC_WARN_64_TO_32_BIT_CONVERSION = YES;
				GCC_WARN_ABOUT_RETURN_TYPE = YES_ERROR;
				GCC_WARN_UNDECLARED_SELECTOR = YES;
				GCC_WARN_UNINITIALIZED_AUTOS = YES_AGGRESSIVE;
				GCC_WARN_UNUSED_FUNCTION = YES;
				GCC_WARN_UNUSED_VARIABLE = YES;
				MACOSX_DEPLOYMENT_TARGET = 10.11;
				MTL_ENABLE_DEBUG_INFO = YES;
				ONLY_ACTIVE_ARCH = YES;
				SDKROOT = macosx;
				SWIFT_ACTIVE_COMPILATION_CONDITIONS = DEBUG;
				SWIFT_OPTIMIZATION_LEVEL = "-Onone";
			};
			name = Debug;
		};
		93D1E63E1D56BCEF007B2A1C /* Release */ = {
			isa = XCBuildConfiguration;
			buildSettings = {
				ALWAYS_SEARCH_USER_PATHS = NO;
				CLANG_ANALYZER_NONNULL = YES;
				CLANG_CXX_LANGUAGE_STANDARD = "gnu++0x";
				CLANG_CXX_LIBRARY = "libc++";
				CLANG_ENABLE_MODULES = YES;
				CLANG_ENABLE_OBJC_ARC = YES;
				CLANG_WARN_BOOL_CONVERSION = YES;
				CLANG_WARN_CONSTANT_CONVERSION = YES;
				CLANG_WARN_DIRECT_OBJC_ISA_USAGE = YES_ERROR;
				CLANG_WARN_DOCUMENTATION_COMMENTS = YES;
				CLANG_WARN_EMPTY_BODY = YES;
				CLANG_WARN_ENUM_CONVERSION = YES;
				CLANG_WARN_INFINITE_RECURSION = YES;
				CLANG_WARN_INT_CONVERSION = YES;
				CLANG_WARN_OBJC_ROOT_CLASS = YES_ERROR;
				CLANG_WARN_SUSPICIOUS_MOVES = YES;
				CLANG_WARN_UNREACHABLE_CODE = YES;
				CLANG_WARN__DUPLICATE_METHOD_MATCH = YES;
				CODE_SIGN_IDENTITY = "-";
				COPY_PHASE_STRIP = NO;
				DEBUG_INFORMATION_FORMAT = "dwarf-with-dsym";
				ENABLE_NS_ASSERTIONS = NO;
				ENABLE_STRICT_OBJC_MSGSEND = YES;
				GCC_C_LANGUAGE_STANDARD = gnu99;
				GCC_NO_COMMON_BLOCKS = YES;
				GCC_WARN_64_TO_32_BIT_CONVERSION = YES;
				GCC_WARN_ABOUT_RETURN_TYPE = YES_ERROR;
				GCC_WARN_UNDECLARED_SELECTOR = YES;
				GCC_WARN_UNINITIALIZED_AUTOS = YES_AGGRESSIVE;
				GCC_WARN_UNUSED_FUNCTION = YES;
				GCC_WARN_UNUSED_VARIABLE = YES;
				MACOSX_DEPLOYMENT_TARGET = 10.11;
				MTL_ENABLE_DEBUG_INFO = NO;
				SDKROOT = macosx;
				SWIFT_OPTIMIZATION_LEVEL = "-Owholemodule";
			};
			name = Release;
		};
		93D1E6401D56BCEF007B2A1C /* Debug */ = {
			isa = XCBuildConfiguration;
			buildSettings = {
				ASSETCATALOG_COMPILER_APPICON_NAME = AppIcon;
				COMBINE_HIDPI_IMAGES = YES;
				DEVELOPMENT_TEAM = XBC58AMMHG;
				INFOPLIST_FILE = DEFCONF4/Info.plist;
				LD_RUNPATH_SEARCH_PATHS = "$(inherited) @executable_path/../Frameworks";
				PRODUCT_BUNDLE_IDENTIFIER = com.masonmark.DEFCONF4;
				PRODUCT_NAME = "$(TARGET_NAME)";
				SWIFT_VERSION = 3.0;
			};
			name = Debug;
		};
		93D1E6411D56BCEF007B2A1C /* Release */ = {
			isa = XCBuildConfiguration;
			buildSettings = {
				ASSETCATALOG_COMPILER_APPICON_NAME = AppIcon;
				COMBINE_HIDPI_IMAGES = YES;
				DEVELOPMENT_TEAM = XBC58AMMHG;
				INFOPLIST_FILE = DEFCONF4/Info.plist;
				LD_RUNPATH_SEARCH_PATHS = "$(inherited) @executable_path/../Frameworks";
				PRODUCT_BUNDLE_IDENTIFIER = com.masonmark.DEFCONF4;
				PRODUCT_NAME = "$(TARGET_NAME)";
				SWIFT_VERSION = 3.0;
			};
			name = Release;
		};
		93D1E6431D56BCEF007B2A1C /* Debug */ = {
			isa = XCBuildConfiguration;
			buildSettings = {
				BUNDLE_LOADER = "$(TEST_HOST)";
				COMBINE_HIDPI_IMAGES = YES;
				DEVELOPMENT_TEAM = XBC58AMMHG;
				INFOPLIST_FILE = DEFCONF4Tests/Info.plist;
				LD_RUNPATH_SEARCH_PATHS = "$(inherited) @executable_path/../Frameworks @loader_path/../Frameworks";
				PRODUCT_BUNDLE_IDENTIFIER = com.masonmark.DEFCONF4Tests;
				PRODUCT_NAME = "$(TARGET_NAME)";
				SWIFT_VERSION = 3.0;
				TEST_HOST = "$(BUILT_PRODUCTS_DIR)/DEFCONF4.app/Contents/MacOS/DEFCONF4";
			};
			name = Debug;
		};
		93D1E6441D56BCEF007B2A1C /* Release */ = {
			isa = XCBuildConfiguration;
			buildSettings = {
				BUNDLE_LOADER = "$(TEST_HOST)";
				COMBINE_HIDPI_IMAGES = YES;
				DEVELOPMENT_TEAM = XBC58AMMHG;
				INFOPLIST_FILE = DEFCONF4Tests/Info.plist;
				LD_RUNPATH_SEARCH_PATHS = "$(inherited) @executable_path/../Frameworks @loader_path/../Frameworks";
				PRODUCT_BUNDLE_IDENTIFIER = com.masonmark.DEFCONF4Tests;
				PRODUCT_NAME = "$(TARGET_NAME)";
				SWIFT_VERSION = 3.0;
				TEST_HOST = "$(BUILT_PRODUCTS_DIR)/DEFCONF4.app/Contents/MacOS/DEFCONF4";
			};
			name = Release;
		};
		93D1E6461D56BCEF007B2A1C /* Debug */ = {
			isa = XCBuildConfiguration;
			buildSettings = {
				COMBINE_HIDPI_IMAGES = YES;
				DEVELOPMENT_TEAM = XBC58AMMHG;
				INFOPLIST_FILE = DEFCONF4UITests/Info.plist;
				LD_RUNPATH_SEARCH_PATHS = "$(inherited) @executable_path/../Frameworks @loader_path/../Frameworks";
				PRODUCT_BUNDLE_IDENTIFIER = com.masonmark.DEFCONF4UITests;
				PRODUCT_NAME = "$(TARGET_NAME)";
				SWIFT_VERSION = 3.0;
				TEST_TARGET_NAME = DEFCONF4;
			};
			name = Debug;
		};
		93D1E6471D56BCEF007B2A1C /* Release */ = {
			isa = XCBuildConfiguration;
			buildSettings = {
				COMBINE_HIDPI_IMAGES = YES;
				DEVELOPMENT_TEAM = XBC58AMMHG;
				INFOPLIST_FILE = DEFCONF4UITests/Info.plist;
				LD_RUNPATH_SEARCH_PATHS = "$(inherited) @executable_path/../Frameworks @loader_path/../Frameworks";
				PRODUCT_BUNDLE_IDENTIFIER = com.masonmark.DEFCONF4UITests;
				PRODUCT_NAME = "$(TARGET_NAME)";
				SWIFT_VERSION = 3.0;
				TEST_TARGET_NAME = DEFCONF4;
			};
			name = Release;
		};
/* End XCBuildConfiguration section */

/* Begin XCConfigurationList section */
		93D1E6121D56BCEF007B2A1C /* Build configuration list for PBXProject "DEFCONF4" */ = {
			isa = XCConfigurationList;
			buildConfigurations = (
				93D1E63D1D56BCEF007B2A1C /* Debug */,
				93D1E63E1D56BCEF007B2A1C /* Release */,
			);
			defaultConfigurationIsVisible = 0;
			defaultConfigurationName = Release;
		};
		93D1E63F1D56BCEF007B2A1C /* Build configuration list for PBXNativeTarget "DEFCONF4" */ = {
			isa = XCConfigurationList;
			buildConfigurations = (
				93D1E6401D56BCEF007B2A1C /* Debug */,
				93D1E6411D56BCEF007B2A1C /* Release */,
			);
			defaultConfigurationIsVisible = 0;
		};
		93D1E6421D56BCEF007B2A1C /* Build configuration list for PBXNativeTarget "DEFCONF4Tests" */ = {
			isa = XCConfigurationList;
			buildConfigurations = (
				93D1E6431D56BCEF007B2A1C /* Debug */,
				93D1E6441D56BCEF007B2A1C /* Release */,
			);
			defaultConfigurationIsVisible = 0;
		};
		93D1E6451D56BCEF007B2A1C /* Build configuration list for PBXNativeTarget "DEFCONF4UITests" */ = {
			isa = XCConfigurationList;
			buildConfigurations = (
				93D1E6461D56BCEF007B2A1C /* Debug */,
				93D1E6471D56BCEF007B2A1C /* Release */,
			);
			defaultConfigurationIsVisible = 0;
		};
/* End XCConfigurationList section */
	};
	rootObject = 93D1E60F1D56BCEF007B2A1C /* Project object */;
}
